
Microsoft Visual Studio Solution File, Format Version 12.00
# Visual Studio Version 16
VisualStudioVersion = 16.0.31702.278
MinimumVisualStudioVersion = 10.0.40219.1
Project("{FAE04EC0-301F-11D3-BF4B-00C04F79EFBC}") = "DeclarationOfConformity", "DeclarationOfConformity\DeclarationOfConformity.csproj", "{34DEB37C-8C58-44B5-842F-5C6D325A3E45}"
EndProject
Global
	GlobalSection(SolutionConfigurationPlatforms) = preSolution
		Debug|Any CPU = Debug|Any CPU
		Release|Any CPU = Release|Any CPU
	EndGlobalSection
	GlobalSection(ProjectConfigurationPlatforms) = postSolution
		{34DEB37C-8C58-44B5-842F-5C6D325A3E45}.Debug|Any CPU.ActiveCfg = Debug|Any CPU
		{34DEB37C-8C58-44B5-842F-5C6D325A3E45}.Debug|Any CPU.Build.0 = Debug|Any CPU
		{34DEB37C-8C58-44B5-842F-5C6D325A3E45}.Release|Any CPU.ActiveCfg = Release|Any CPU
		{34DEB37C-8C58-44B5-842F-5C6D325A3E45}.Release|Any CPU.Build.0 = Release|Any CPU
	EndGlobalSection
	GlobalSection(SolutionProperties) = preSolution
		HideSolutionNode = FALSE
	EndGlobalSection
	GlobalSection(ExtensibilityGlobals) = postSolution
		SolutionGuid = {6229F2F9-D38F-41ED-AFB2-D0201D3FB40C}
	EndGlobalSection
EndGlobal
